
Microsoft Visual Studio Solution File, Format Version 12.00
# Visual Studio Version 17
VisualStudioVersion = 17.9.34728.123
MinimumVisualStudioVersion = 10.0.40219.1
Project("{FAE04EC0-301F-11D3-BF4B-00C04F79EFBC}") = "calcular_eficiencia_carro", "calcular_eficiencia_carro\calcular_eficiencia_carro.csproj", "{CD4A82A0-CC3E-42F9-BC51-FD1EE0E97E80}"
EndProject
Global
	GlobalSection(SolutionConfigurationPlatforms) = preSolution
		Debug|Any CPU = Debug|Any CPU
		Release|Any CPU = Release|Any CPU
	EndGlobalSection
	GlobalSection(ProjectConfigurationPlatforms) = postSolution
		{CD4A82A0-CC3E-42F9-BC51-FD1EE0E97E80}.Debug|Any CPU.ActiveCfg = Debug|Any CPU
		{CD4A82A0-CC3E-42F9-BC51-FD1EE0E97E80}.Debug|Any CPU.Build.0 = Debug|Any CPU
		{CD4A82A0-CC3E-42F9-BC51-FD1EE0E97E80}.Release|Any CPU.ActiveCfg = Release|Any CPU
		{CD4A82A0-CC3E-42F9-BC51-FD1EE0E97E80}.Release|Any CPU.Build.0 = Release|Any CPU
	EndGlobalSection
	GlobalSection(SolutionProperties) = preSolution
		HideSolutionNode = FALSE
	EndGlobalSection
	GlobalSection(ExtensibilityGlobals) = postSolution
		SolutionGuid = {268F0A6C-2923-45B2-BE3A-366F3E960B21}
	EndGlobalSection
EndGlobal
